// !$*UTF8*$!
{
	archiveVersion = 1;
	classes = {
	};
	objectVersion = 55;
	objects = {

/* Begin PBXBuildFile section */
		8BC6A9F82844D02700CEEA70 /* AppDelegate.swift in Sources */ = {isa = PBXBuildFile; fileRef = 8BC6A9F72844D02700CEEA70 /* AppDelegate.swift */; };
		8BC6A9FA2844D02700CEEA70 /* SceneDelegate.swift in Sources */ = {isa = PBXBuildFile; fileRef = 8BC6A9F92844D02700CEEA70 /* SceneDelegate.swift */; };
		8BC6A9FF2844D02700CEEA70 /* Main.storyboard in Resources */ = {isa = PBXBuildFile; fileRef = 8BC6A9FD2844D02700CEEA70 /* Main.storyboard */; };
		8BC6AA012844D02700CEEA70 /* Assets.xcassets in Resources */ = {isa = PBXBuildFile; fileRef = 8BC6AA002844D02700CEEA70 /* Assets.xcassets */; };
		8BC6AA042844D02700CEEA70 /* LaunchScreen.storyboard in Resources */ = {isa = PBXBuildFile; fileRef = 8BC6AA022844D02700CEEA70 /* LaunchScreen.storyboard */; };
		8BC6AA0F2844D09700CEEA70 /* MovieListScreen.swift in Sources */ = {isa = PBXBuildFile; fileRef = 8BC6AA0E2844D09700CEEA70 /* MovieListScreen.swift */; };
		8BC6AA112844D59D00CEEA70 /* MovieViewCell.swift in Sources */ = {isa = PBXBuildFile; fileRef = 8BC6AA102844D59D00CEEA70 /* MovieViewCell.swift */; };
		8BC6AA132844D77700CEEA70 /* MovieModel.swift in Sources */ = {isa = PBXBuildFile; fileRef = 8BC6AA122844D77700CEEA70 /* MovieModel.swift */; };
		8BC6AA162844D87800CEEA70 /* MovieData.swift in Sources */ = {isa = PBXBuildFile; fileRef = 8BC6AA152844D87800CEEA70 /* MovieData.swift */; };
		8BC6AA192844DB5D00CEEA70 /* MovieManager.swift in Sources */ = {isa = PBXBuildFile; fileRef = 8BC6AA182844DB5D00CEEA70 /* MovieManager.swift */; };
/* End PBXBuildFile section */

/* Begin PBXFileReference section */
		8BC6A9F42844D02700CEEA70 /* Marvel-Movies-List-App-Challenge.app */ = {isa = PBXFileReference; explicitFileType = wrapper.application; includeInIndex = 0; path = "Marvel-Movies-List-App-Challenge.app"; sourceTree = BUILT_PRODUCTS_DIR; };
		8BC6A9F72844D02700CEEA70 /* AppDelegate.swift */ = {isa = PBXFileReference; lastKnownFileType = sourcecode.swift; path = AppDelegate.swift; sourceTree = "<group>"; };
		8BC6A9F92844D02700CEEA70 /* SceneDelegate.swift */ = {isa = PBXFileReference; lastKnownFileType = sourcecode.swift; path = SceneDelegate.swift; sourceTree = "<group>"; };
		8BC6A9FE2844D02700CEEA70 /* Base */ = {isa = PBXFileReference; lastKnownFileType = file.storyboard; name = Base; path = Base.lproj/Main.storyboard; sourceTree = "<group>"; };
		8BC6AA002844D02700CEEA70 /* Assets.xcassets */ = {isa = PBXFileReference; lastKnownFileType = folder.assetcatalog; path = Assets.xcassets; sourceTree = "<group>"; };
		8BC6AA032844D02700CEEA70 /* Base */ = {isa = PBXFileReference; lastKnownFileType = file.storyboard; name = Base; path = Base.lproj/LaunchScreen.storyboard; sourceTree = "<group>"; };
		8BC6AA052844D02700CEEA70 /* Info.plist */ = {isa = PBXFileReference; lastKnownFileType = text.plist.xml; path = Info.plist; sourceTree = "<group>"; };
		8BC6AA0E2844D09700CEEA70 /* MovieListScreen.swift */ = {isa = PBXFileReference; lastKnownFileType = sourcecode.swift; path = MovieListScreen.swift; sourceTree = "<group>"; };
		8BC6AA102844D59D00CEEA70 /* MovieViewCell.swift */ = {isa = PBXFileReference; lastKnownFileType = sourcecode.swift; path = MovieViewCell.swift; sourceTree = "<group>"; };
		8BC6AA122844D77700CEEA70 /* MovieModel.swift */ = {isa = PBXFileReference; lastKnownFileType = sourcecode.swift; path = MovieModel.swift; sourceTree = "<group>"; };
		8BC6AA152844D87800CEEA70 /* MovieData.swift */ = {isa = PBXFileReference; lastKnownFileType = sourcecode.swift; path = MovieData.swift; sourceTree = "<group>"; };
		8BC6AA182844DB5D00CEEA70 /* MovieManager.swift */ = {isa = PBXFileReference; lastKnownFileType = sourcecode.swift; path = MovieManager.swift; sourceTree = "<group>"; };
/* End PBXFileReference section */

/* Begin PBXFrameworksBuildPhase section */
		8BC6A9F12844D02700CEEA70 /* Frameworks */ = {
			isa = PBXFrameworksBuildPhase;
			buildActionMask = 2147483647;
			files = (
			);
			runOnlyForDeploymentPostprocessing = 0;
		};
/* End PBXFrameworksBuildPhase section */

/* Begin PBXGroup section */
		8BC6A9EB2844D02700CEEA70 = {
			isa = PBXGroup;
			children = (
				8BC6A9F62844D02700CEEA70 /* Marvel-Movies-List-App-Challenge */,
				8BC6A9F52844D02700CEEA70 /* Products */,
			);
			sourceTree = "<group>";
		};
		8BC6A9F52844D02700CEEA70 /* Products */ = {
			isa = PBXGroup;
			children = (
				8BC6A9F42844D02700CEEA70 /* Marvel-Movies-List-App-Challenge.app */,
			);
			name = Products;
			sourceTree = "<group>";
		};
		8BC6A9F62844D02700CEEA70 /* Marvel-Movies-List-App-Challenge */ = {
			isa = PBXGroup;
			children = (
				8BC6AA0B2844D05200CEEA70 /* Model */,
				8BC6AA0C2844D05700CEEA70 /* View */,
				8BC6AA0D2844D06300CEEA70 /* Controller */,
				8BC6A9F72844D02700CEEA70 /* AppDelegate.swift */,
				8BC6A9F92844D02700CEEA70 /* SceneDelegate.swift */,
				8BC6AA002844D02700CEEA70 /* Assets.xcassets */,
				8BC6AA022844D02700CEEA70 /* LaunchScreen.storyboard */,
				8BC6AA052844D02700CEEA70 /* Info.plist */,
			);
			path = "Marvel-Movies-List-App-Challenge";
			sourceTree = "<group>";
		};
		8BC6AA0B2844D05200CEEA70 /* Model */ = {
			isa = PBXGroup;
			children = (
				8BC6AA122844D77700CEEA70 /* MovieModel.swift */,
				8BC6AA152844D87800CEEA70 /* MovieData.swift */,
				8BC6AA182844DB5D00CEEA70 /* MovieManager.swift */,
			);
			path = Model;
			sourceTree = "<group>";
		};
		8BC6AA0C2844D05700CEEA70 /* View */ = {
			isa = PBXGroup;
			children = (
				8BC6A9FD2844D02700CEEA70 /* Main.storyboard */,
			);
			path = View;
			sourceTree = "<group>";
		};
		8BC6AA0D2844D06300CEEA70 /* Controller */ = {
			isa = PBXGroup;
			children = (
				8BC6AA0E2844D09700CEEA70 /* MovieListScreen.swift */,
				8BC6AA102844D59D00CEEA70 /* MovieViewCell.swift */,
			);
			path = Controller;
			sourceTree = "<group>";
		};
/* End PBXGroup section */

/* Begin PBXNativeTarget section */
		8BC6A9F32844D02700CEEA70 /* Marvel-Movies-List-App-Challenge */ = {
			isa = PBXNativeTarget;
			buildConfigurationList = 8BC6AA082844D02700CEEA70 /* Build configuration list for PBXNativeTarget "Marvel-Movies-List-App-Challenge" */;
			buildPhases = (
				8BC6A9F02844D02700CEEA70 /* Sources */,
				8BC6A9F12844D02700CEEA70 /* Frameworks */,
				8BC6A9F22844D02700CEEA70 /* Resources */,
			);
			buildRules = (
			);
			dependencies = (
			);
			name = "Marvel-Movies-List-App-Challenge";
			productName = "Marvel-Movies-List-App-Challenge";
			productReference = 8BC6A9F42844D02700CEEA70 /* Marvel-Movies-List-App-Challenge.app */;
			productType = "com.apple.product-type.application";
		};
/* End PBXNativeTarget section */

/* Begin PBXProject section */
		8BC6A9EC2844D02700CEEA70 /* Project object */ = {
			isa = PBXProject;
			attributes = {
				BuildIndependentTargetsInParallel = 1;
				LastSwiftUpdateCheck = 1340;
				LastUpgradeCheck = 1340;
				TargetAttributes = {
					8BC6A9F32844D02700CEEA70 = {
						CreatedOnToolsVersion = 13.4;
					};
				};
			};
			buildConfigurationList = 8BC6A9EF2844D02700CEEA70 /* Build configuration list for PBXProject "Marvel-Movies-List-App-Challenge" */;
			compatibilityVersion = "Xcode 13.0";
			developmentRegion = en;
			hasScannedForEncodings = 0;
			knownRegions = (
				en,
				Base,
			);
			mainGroup = 8BC6A9EB2844D02700CEEA70;
			productRefGroup = 8BC6A9F52844D02700CEEA70 /* Products */;
			projectDirPath = "";
			projectRoot = "";
			targets = (
				8BC6A9F32844D02700CEEA70 /* Marvel-Movies-List-App-Challenge */,
			);
		};
/* End PBXProject section */

/* Begin PBXResourcesBuildPhase section */
		8BC6A9F22844D02700CEEA70 /* Resources */ = {
			isa = PBXResourcesBuildPhase;
			buildActionMask = 2147483647;
			files = (
				8BC6AA042844D02700CEEA70 /* LaunchScreen.storyboard in Resources */,
				8BC6AA012844D02700CEEA70 /* Assets.xcassets in Resources */,
				8BC6A9FF2844D02700CEEA70 /* Main.storyboard in Resources */,
			);
			runOnlyForDeploymentPostprocessing = 0;
		};
/* End PBXResourcesBuildPhase section */

/* Begin PBXSourcesBuildPhase section */
		8BC6A9F02844D02700CEEA70 /* Sources */ = {
			isa = PBXSourcesBuildPhase;
			buildActionMask = 2147483647;
			files = (
				8BC6AA162844D87800CEEA70 /* MovieData.swift in Sources */,
				8BC6A9F82844D02700CEEA70 /* AppDelegate.swift in Sources */,
				8BC6AA192844DB5D00CEEA70 /* MovieManager.swift in Sources */,
				8BC6AA112844D59D00CEEA70 /* MovieViewCell.swift in Sources */,
				8BC6AA132844D77700CEEA70 /* MovieModel.swift in Sources */,
				8BC6A9FA2844D02700CEEA70 /* SceneDelegate.swift in Sources */,
				8BC6AA0F2844D09700CEEA70 /* MovieListScreen.swift in Sources */,
			);
			runOnlyForDeploymentPostprocessing = 0;
		};
/* End PBXSourcesBuildPhase section */

/* Begin PBXVariantGroup section */
		8BC6A9FD2844D02700CEEA70 /* Main.storyboard */ = {
			isa = PBXVariantGroup;
			children = (
				8BC6A9FE2844D02700CEEA70 /* Base */,
			);
			name = Main.storyboard;
			sourceTree = "<group>";
		};
		8BC6AA022844D02700CEEA70 /* LaunchScreen.storyboard */ = {
			isa = PBXVariantGroup;
			children = (
				8BC6AA032844D02700CEEA70 /* Base */,
			);
			name = LaunchScreen.storyboard;
			sourceTree = "<group>";
		};
/* End PBXVariantGroup section */

/* Begin XCBuildConfiguration section */
		8BC6AA062844D02700CEEA70 /* Debug */ = {
			isa = XCBuildConfiguration;
			buildSettings = {
				ALWAYS_SEARCH_USER_PATHS = NO;
				CLANG_ANALYZER_NONNULL = YES;
				CLANG_ANALYZER_NUMBER_OBJECT_CONVERSION = YES_AGGRESSIVE;
				CLANG_CXX_LANGUAGE_STANDARD = "gnu++17";
				CLANG_ENABLE_MODULES = YES;
				CLANG_ENABLE_OBJC_ARC = YES;
				CLANG_ENABLE_OBJC_WEAK = YES;
				CLANG_WARN_BLOCK_CAPTURE_AUTORELEASING = YES;
				CLANG_WARN_BOOL_CONVERSION = YES;
				CLANG_WARN_COMMA = YES;
				CLANG_WARN_CONSTANT_CONVERSION = YES;
				CLANG_WARN_DEPRECATED_OBJC_IMPLEMENTATIONS = YES;
				CLANG_WARN_DIRECT_OBJC_ISA_USAGE = YES_ERROR;
				CLANG_WARN_DOCUMENTATION_COMMENTS = YES;
				CLANG_WARN_EMPTY_BODY = YES;
				CLANG_WARN_ENUM_CONVERSION = YES;
				CLANG_WARN_INFINITE_RECURSION = YES;
				CLANG_WARN_INT_CONVERSION = YES;
				CLANG_WARN_NON_LITERAL_NULL_CONVERSION = YES;
				CLANG_WARN_OBJC_IMPLICIT_RETAIN_SELF = YES;
				CLANG_WARN_OBJC_LITERAL_CONVERSION = YES;
				CLANG_WARN_OBJC_ROOT_CLASS = YES_ERROR;
				CLANG_WARN_QUOTED_INCLUDE_IN_FRAMEWORK_HEADER = YES;
				CLANG_WARN_RANGE_LOOP_ANALYSIS = YES;
				CLANG_WARN_STRICT_PROTOTYPES = YES;
				CLANG_WARN_SUSPICIOUS_MOVE = YES;
				CLANG_WARN_UNGUARDED_AVAILABILITY = YES_AGGRESSIVE;
				CLANG_WARN_UNREACHABLE_CODE = YES;
				CLANG_WARN__DUPLICATE_METHOD_MATCH = YES;
				COPY_PHASE_STRIP = NO;
				DEBUG_INFORMATION_FORMAT = dwarf;
				ENABLE_STRICT_OBJC_MSGSEND = YES;
				ENABLE_TESTABILITY = YES;
				GCC_C_LANGUAGE_STANDARD = gnu11;
				GCC_DYNAMIC_NO_PIC = NO;
				GCC_NO_COMMON_BLOCKS = YES;
				GCC_OPTIMIZATION_LEVEL = 0;
				GCC_PREPROCESSOR_DEFINITIONS = (
					"DEBUG=1",
					"$(inherited)",
				);
				GCC_WARN_64_TO_32_BIT_CONVERSION = YES;
				GCC_WARN_ABOUT_RETURN_TYPE = YES_ERROR;
				GCC_WARN_UNDECLARED_SELECTOR = YES;
				GCC_WARN_UNINITIALIZED_AUTOS = YES_AGGRESSIVE;
				GCC_WARN_UNUSED_FUNCTION = YES;
				GCC_WARN_UNUSED_VARIABLE = YES;
				IPHONEOS_DEPLOYMENT_TARGET = 15.5;
				MTL_ENABLE_DEBUG_INFO = INCLUDE_SOURCE;
				MTL_FAST_MATH = YES;
				ONLY_ACTIVE_ARCH = YES;
				SDKROOT = iphoneos;
				SWIFT_ACTIVE_COMPILATION_CONDITIONS = DEBUG;
				SWIFT_OPTIMIZATION_LEVEL = "-Onone";
			};
			name = Debug;
		};
		8BC6AA072844D02700CEEA70 /* Release */ = {
			isa = XCBuildConfiguration;
			buildSettings = {
				ALWAYS_SEARCH_USER_PATHS = NO;
				CLANG_ANALYZER_NONNULL = YES;
				CLANG_ANALYZER_NUMBER_OBJECT_CONVERSION = YES_AGGRESSIVE;
				CLANG_CXX_LANGUAGE_STANDARD = "gnu++17";
				CLANG_ENABLE_MODULES = YES;
				CLANG_ENABLE_OBJC_ARC = YES;
				CLANG_ENABLE_OBJC_WEAK = YES;
				CLANG_WARN_BLOCK_CAPTURE_AUTORELEASING = YES;
				CLANG_WARN_BOOL_CONVERSION = YES;
				CLANG_WARN_COMMA = YES;
				CLANG_WARN_CONSTANT_CONVERSION = YES;
				CLANG_WARN_DEPRECATED_OBJC_IMPLEMENTATIONS = YES;
				CLANG_WARN_DIRECT_OBJC_ISA_USAGE = YES_ERROR;
				CLANG_WARN_DOCUMENTATION_COMMENTS = YES;
				CLANG_WARN_EMPTY_BODY = YES;
				CLANG_WARN_ENUM_CONVERSION = YES;
				CLANG_WARN_INFINITE_RECURSION = YES;
				CLANG_WARN_INT_CONVERSION = YES;
				CLANG_WARN_NON_LITERAL_NULL_CONVERSION = YES;
				CLANG_WARN_OBJC_IMPLICIT_RETAIN_SELF = YES;
				CLANG_WARN_OBJC_LITERAL_CONVERSION = YES;
				CLANG_WARN_OBJC_ROOT_CLASS = YES_ERROR;
				CLANG_WARN_QUOTED_INCLUDE_IN_FRAMEWORK_HEADER = YES;
				CLANG_WARN_RANGE_LOOP_ANALYSIS = YES;
				CLANG_WARN_STRICT_PROTOTYPES = YES;
				CLANG_WARN_SUSPICIOUS_MOVE = YES;
				CLANG_WARN_UNGUARDED_AVAILABILITY = YES_AGGRESSIVE;
				CLANG_WARN_UNREACHABLE_CODE = YES;
				CLANG_WARN__DUPLICATE_METHOD_MATCH = YES;
				COPY_PHASE_STRIP = NO;
				DEBUG_INFORMATION_FORMAT = "dwarf-with-dsym";
				ENABLE_NS_ASSERTIONS = NO;
				ENABLE_STRICT_OBJC_MSGSEND = YES;
				GCC_C_LANGUAGE_STANDARD = gnu11;
				GCC_NO_COMMON_BLOCKS = YES;
				GCC_WARN_64_TO_32_BIT_CONVERSION = YES;
				GCC_WARN_ABOUT_RETURN_TYPE = YES_ERROR;
				GCC_WARN_UNDECLARED_SELECTOR = YES;
				GCC_WARN_UNINITIALIZED_AUTOS = YES_AGGRESSIVE;
				GCC_WARN_UNUSED_FUNCTION = YES;
				GCC_WARN_UNUSED_VARIABLE = YES;
				IPHONEOS_DEPLOYMENT_TARGET = 15.5;
				MTL_ENABLE_DEBUG_INFO = NO;
				MTL_FAST_MATH = YES;
				SDKROOT = iphoneos;
				SWIFT_COMPILATION_MODE = wholemodule;
				SWIFT_OPTIMIZATION_LEVEL = "-O";
				VALIDATE_PRODUCT = YES;
			};
			name = Release;
		};
		8BC6AA092844D02700CEEA70 /* Debug */ = {
			isa = XCBuildConfiguration;
			buildSettings = {
				ASSETCATALOG_COMPILER_APPICON_NAME = AppIcon;
				ASSETCATALOG_COMPILER_GLOBAL_ACCENT_COLOR_NAME = AccentColor;
				CODE_SIGN_STYLE = Automatic;
				CURRENT_PROJECT_VERSION = 1;
				GENERATE_INFOPLIST_FILE = YES;
				INFOPLIST_FILE = "Marvel-Movies-List-App-Challenge/Info.plist";
				INFOPLIST_KEY_UIApplicationSupportsIndirectInputEvents = YES;
				INFOPLIST_KEY_UILaunchStoryboardName = LaunchScreen;
				INFOPLIST_KEY_UIMainStoryboardFile = Main;
				INFOPLIST_KEY_UISupportedInterfaceOrientations_iPad = "UIInterfaceOrientationPortrait UIInterfaceOrientationPortraitUpsideDown UIInterfaceOrientationLandscapeLeft UIInterfaceOrientationLandscapeRight";
				INFOPLIST_KEY_UISupportedInterfaceOrientations_iPhone = "UIInterfaceOrientationPortrait UIInterfaceOrientationLandscapeLeft UIInterfaceOrientationLandscapeRight";
				LD_RUNPATH_SEARCH_PATHS = (
					"$(inherited)",
					"@executable_path/Frameworks",
				);
				MARKETING_VERSION = 1.0;
				PRODUCT_BUNDLE_IDENTIFIER = "com.azfarinan.Marvel-Movies-List-App-Challenge";
				PRODUCT_NAME = "$(TARGET_NAME)";
				SWIFT_EMIT_LOC_STRINGS = YES;
				SWIFT_VERSION = 5.0;
				TARGETED_DEVICE_FAMILY = "1,2";
			};
			name = Debug;
		};
		8BC6AA0A2844D02700CEEA70 /* Release */ = {
			isa = XCBuildConfiguration;
			buildSettings = {
				ASSETCATALOG_COMPILER_APPICON_NAME = AppIcon;
				ASSETCATALOG_COMPILER_GLOBAL_ACCENT_COLOR_NAME = AccentColor;
				CODE_SIGN_STYLE = Automatic;
				CURRENT_PROJECT_VERSION = 1;
				GENERATE_INFOPLIST_FILE = YES;
				INFOPLIST_FILE = "Marvel-Movies-List-App-Challenge/Info.plist";
				INFOPLIST_KEY_UIApplicationSupportsIndirectInputEvents = YES;
				INFOPLIST_KEY_UILaunchStoryboardName = LaunchScreen;
				INFOPLIST_KEY_UIMainStoryboardFile = Main;
				INFOPLIST_KEY_UISupportedInterfaceOrientations_iPad = "UIInterfaceOrientationPortrait UIInterfaceOrientationPortraitUpsideDown UIInterfaceOrientationLandscapeLeft UIInterfaceOrientationLandscapeRight";
				INFOPLIST_KEY_UISupportedInterfaceOrientations_iPhone = "UIInterfaceOrientationPortrait UIInterfaceOrientationLandscapeLeft UIInterfaceOrientationLandscapeRight";
				LD_RUNPATH_SEARCH_PATHS = (
					"$(inherited)",
					"@executable_path/Frameworks",
				);
				MARKETING_VERSION = 1.0;
				PRODUCT_BUNDLE_IDENTIFIER = "com.azfarinan.Marvel-Movies-List-App-Challenge";
				PRODUCT_NAME = "$(TARGET_NAME)";
				SWIFT_EMIT_LOC_STRINGS = YES;
				SWIFT_VERSION = 5.0;
				TARGETED_DEVICE_FAMILY = "1,2";
			};
			name = Release;
		};
/* End XCBuildConfiguration section */

/* Begin XCConfigurationList section */
		8BC6A9EF2844D02700CEEA70 /* Build configuration list for PBXProject "Marvel-Movies-List-App-Challenge" */ = {
			isa = XCConfigurationList;
			buildConfigurations = (
				8BC6AA062844D02700CEEA70 /* Debug */,
				8BC6AA072844D02700CEEA70 /* Release */,
			);
			defaultConfigurationIsVisible = 0;
			defaultConfigurationName = Release;
		};
		8BC6AA082844D02700CEEA70 /* Build configuration list for PBXNativeTarget "Marvel-Movies-List-App-Challenge" */ = {
			isa = XCConfigurationList;
			buildConfigurations = (
				8BC6AA092844D02700CEEA70 /* Debug */,
				8BC6AA0A2844D02700CEEA70 /* Release */,
			);
			defaultConfigurationIsVisible = 0;
			defaultConfigurationName = Release;
		};
/* End XCConfigurationList section */
	};
	rootObject = 8BC6A9EC2844D02700CEEA70 /* Project object */;
}
